
Microsoft Visual Studio Solution File, Format Version 12.00
# Visual Studio Version 16
VisualStudioVersion = 16.0.31624.102
MinimumVisualStudioVersion = 10.0.40219.1
Project("{FAE04EC0-301F-11D3-BF4B-00C04F79EFBC}") = "CourseTimeKindISO8601", "CourseTimeKindISO8601\CourseTimeKindISO8601.csproj", "{377372CE-30BE-4D42-88D1-8A119BC53CD8}"
EndProject
Global
	GlobalSection(SolutionConfigurationPlatforms) = preSolution
		Debug|Any CPU = Debug|Any CPU
		Release|Any CPU = Release|Any CPU
	EndGlobalSection
	GlobalSection(ProjectConfigurationPlatforms) = postSolution
		{377372CE-30BE-4D42-88D1-8A119BC53CD8}.Debug|Any CPU.ActiveCfg = Debug|Any CPU
		{377372CE-30BE-4D42-88D1-8A119BC53CD8}.Debug|Any CPU.Build.0 = Debug|Any CPU
		{377372CE-30BE-4D42-88D1-8A119BC53CD8}.Release|Any CPU.ActiveCfg = Release|Any CPU
		{377372CE-30BE-4D42-88D1-8A119BC53CD8}.Release|Any CPU.Build.0 = Release|Any CPU
	EndGlobalSection
	GlobalSection(SolutionProperties) = preSolution
		HideSolutionNode = FALSE
	EndGlobalSection
	GlobalSection(ExtensibilityGlobals) = postSolution
		SolutionGuid = {6A3EF18C-4449-47C5-AB77-0CA4DAA3C42C}
	EndGlobalSection
EndGlobal
