
Microsoft Visual Studio Solution File, Format Version 12.00
# Visual Studio Version 16
VisualStudioVersion = 16.0.31624.102
MinimumVisualStudioVersion = 10.0.40219.1
Project("{FAE04EC0-301F-11D3-BF4B-00C04F79EFBC}") = "ExFixEnumCompos", "ExFixEnumCompos\ExFixEnumCompos.csproj", "{2A14DED1-565A-4AE4-9FAD-0A3DF1955DD1}"
EndProject
Global
	GlobalSection(SolutionConfigurationPlatforms) = preSolution
		Debug|Any CPU = Debug|Any CPU
		Release|Any CPU = Release|Any CPU
	EndGlobalSection
	GlobalSection(ProjectConfigurationPlatforms) = postSolution
		{2A14DED1-565A-4AE4-9FAD-0A3DF1955DD1}.Debug|Any CPU.ActiveCfg = Debug|Any CPU
		{2A14DED1-565A-4AE4-9FAD-0A3DF1955DD1}.Debug|Any CPU.Build.0 = Debug|Any CPU
		{2A14DED1-565A-4AE4-9FAD-0A3DF1955DD1}.Release|Any CPU.ActiveCfg = Release|Any CPU
		{2A14DED1-565A-4AE4-9FAD-0A3DF1955DD1}.Release|Any CPU.Build.0 = Release|Any CPU
	EndGlobalSection
	GlobalSection(SolutionProperties) = preSolution
		HideSolutionNode = FALSE
	EndGlobalSection
	GlobalSection(ExtensibilityGlobals) = postSolution
		SolutionGuid = {68038F19-C330-4415-ACD2-0565BB618F41}
	EndGlobalSection
EndGlobal
