
Microsoft Visual Studio Solution File, Format Version 12.00
# Visual Studio Version 16
VisualStudioVersion = 16.0.31624.102
MinimumVisualStudioVersion = 10.0.40219.1
Project("{FAE04EC0-301F-11D3-BF4B-00C04F79EFBC}") = "CourseTimeSpan", "CourseTimeSpan\CourseTimeSpan.csproj", "{B1791F06-BB32-4139-9818-3468F38FFE71}"
EndProject
Global
	GlobalSection(SolutionConfigurationPlatforms) = preSolution
		Debug|Any CPU = Debug|Any CPU
		Release|Any CPU = Release|Any CPU
	EndGlobalSection
	GlobalSection(ProjectConfigurationPlatforms) = postSolution
		{B1791F06-BB32-4139-9818-3468F38FFE71}.Debug|Any CPU.ActiveCfg = Debug|Any CPU
		{B1791F06-BB32-4139-9818-3468F38FFE71}.Debug|Any CPU.Build.0 = Debug|Any CPU
		{B1791F06-BB32-4139-9818-3468F38FFE71}.Release|Any CPU.ActiveCfg = Release|Any CPU
		{B1791F06-BB32-4139-9818-3468F38FFE71}.Release|Any CPU.Build.0 = Release|Any CPU
	EndGlobalSection
	GlobalSection(SolutionProperties) = preSolution
		HideSolutionNode = FALSE
	EndGlobalSection
	GlobalSection(ExtensibilityGlobals) = postSolution
		SolutionGuid = {AF08D3DE-FC7A-428B-BC69-79C0CEB8458F}
	EndGlobalSection
EndGlobal
