
Microsoft Visual Studio Solution File, Format Version 12.00
# Visual Studio Version 16
VisualStudioVersion = 16.0.31624.102
MinimumVisualStudioVersion = 10.0.40219.1
Project("{FAE04EC0-301F-11D3-BF4B-00C04F79EFBC}") = "Course", "Course\Course.csproj", "{AD343252-7B0C-40C0-A8AD-8D2594C32E84}"
EndProject
Global
	GlobalSection(SolutionConfigurationPlatforms) = preSolution
		Debug|Any CPU = Debug|Any CPU
		Release|Any CPU = Release|Any CPU
	EndGlobalSection
	GlobalSection(ProjectConfigurationPlatforms) = postSolution
		{AD343252-7B0C-40C0-A8AD-8D2594C32E84}.Debug|Any CPU.ActiveCfg = Debug|Any CPU
		{AD343252-7B0C-40C0-A8AD-8D2594C32E84}.Debug|Any CPU.Build.0 = Debug|Any CPU
		{AD343252-7B0C-40C0-A8AD-8D2594C32E84}.Release|Any CPU.ActiveCfg = Release|Any CPU
		{AD343252-7B0C-40C0-A8AD-8D2594C32E84}.Release|Any CPU.Build.0 = Release|Any CPU
	EndGlobalSection
	GlobalSection(SolutionProperties) = preSolution
		HideSolutionNode = FALSE
	EndGlobalSection
	GlobalSection(ExtensibilityGlobals) = postSolution
		SolutionGuid = {09BF5E47-AEB8-4AA2-9BB4-3D84C3FCE871}
	EndGlobalSection
EndGlobal
